// !$*UTF8*$!
{
	archiveVersion = 1;
	classes = {
	};
	objectVersion = 56;
	objects = {

/* Begin PBXBuildFile section */
		BD7A534E2A460CB700410D29 /* navigationStackApp.swift in Sources */ = {isa = PBXBuildFile; fileRef = BD7A534D2A460CB700410D29 /* navigationStackApp.swift */; };
		BD7A53502A460CB700410D29 /* ContentView.swift in Sources */ = {isa = PBXBuildFile; fileRef = BD7A534F2A460CB700410D29 /* ContentView.swift */; };
		BD7A53522A460CB900410D29 /* Assets.xcassets in Resources */ = {isa = PBXBuildFile; fileRef = BD7A53512A460CB900410D29 /* Assets.xcassets */; };
		BD7A53552A460CB900410D29 /* Preview Assets.xcassets in Resources */ = {isa = PBXBuildFile; fileRef = BD7A53542A460CB900410D29 /* Preview Assets.xcassets */; };
		BD7A535F2A460CB900410D29 /* navigationStackTests.swift in Sources */ = {isa = PBXBuildFile; fileRef = BD7A535E2A460CB900410D29 /* navigationStackTests.swift */; };
		BD7A53692A460CB900410D29 /* navigationStackUITests.swift in Sources */ = {isa = PBXBuildFile; fileRef = BD7A53682A460CB900410D29 /* navigationStackUITests.swift */; };
		BD7A536B2A460CB900410D29 /* navigationStackUITestsLaunchTests.swift in Sources */ = {isa = PBXBuildFile; fileRef = BD7A536A2A460CB900410D29 /* navigationStackUITestsLaunchTests.swift */; };
		BD7A53782A4611B600410D29 /* secondView.swift in Sources */ = {isa = PBXBuildFile; fileRef = BD7A53772A4611B600410D29 /* secondView.swift */; };
		BD7A53B02A46248100410D29 /* thirdView.swift in Sources */ = {isa = PBXBuildFile; fileRef = BD7A53AF2A46248100410D29 /* thirdView.swift */; };
		BD7A53B22A4627E300410D29 /* fourthView.swift in Sources */ = {isa = PBXBuildFile; fileRef = BD7A53B12A4627E300410D29 /* fourthView.swift */; };
		BD7A53B62A462BED00410D29 /* Ariel.swift in Sources */ = {isa = PBXBuildFile; fileRef = BD7A53B52A462BED00410D29 /* Ariel.swift */; };
		BD7A53B82A462C0B00410D29 /* Tiana.swift in Sources */ = {isa = PBXBuildFile; fileRef = BD7A53B72A462C0B00410D29 /* Tiana.swift */; };
		BD7A53BA2A462C3B00410D29 /* Cinderalla.swift in Sources */ = {isa = PBXBuildFile; fileRef = BD7A53B92A462C3B00410D29 /* Cinderalla.swift */; };
		BD7A53BC2A462C8600410D29 /* Belle.swift in Sources */ = {isa = PBXBuildFile; fileRef = BD7A53BB2A462C8600410D29 /* Belle.swift */; };
		BD7A53BE2A462C9700410D29 /* Anna.swift in Sources */ = {isa = PBXBuildFile; fileRef = BD7A53BD2A462C9700410D29 /* Anna.swift */; };
/* End PBXBuildFile section */

/* Begin PBXContainerItemProxy section */
		BD7A535B2A460CB900410D29 /* PBXContainerItemProxy */ = {
			isa = PBXContainerItemProxy;
			containerPortal = BD7A53422A460CB700410D29 /* Project object */;
			proxyType = 1;
			remoteGlobalIDString = BD7A53492A460CB700410D29;
			remoteInfo = navigationStack;
		};
		BD7A53652A460CB900410D29 /* PBXContainerItemProxy */ = {
			isa = PBXContainerItemProxy;
			containerPortal = BD7A53422A460CB700410D29 /* Project object */;
			proxyType = 1;
			remoteGlobalIDString = BD7A53492A460CB700410D29;
			remoteInfo = navigationStack;
		};
/* End PBXContainerItemProxy section */

/* Begin PBXFileReference section */
		BD7A534A2A460CB700410D29 /* navigationStack.app */ = {isa = PBXFileReference; explicitFileType = wrapper.application; includeInIndex = 0; path = navigationStack.app; sourceTree = BUILT_PRODUCTS_DIR; };
		BD7A534D2A460CB700410D29 /* navigationStackApp.swift */ = {isa = PBXFileReference; lastKnownFileType = sourcecode.swift; path = navigationStackApp.swift; sourceTree = "<group>"; };
		BD7A534F2A460CB700410D29 /* ContentView.swift */ = {isa = PBXFileReference; lastKnownFileType = sourcecode.swift; path = ContentView.swift; sourceTree = "<group>"; };
		BD7A53512A460CB900410D29 /* Assets.xcassets */ = {isa = PBXFileReference; lastKnownFileType = folder.assetcatalog; path = Assets.xcassets; sourceTree = "<group>"; };
		BD7A53542A460CB900410D29 /* Preview Assets.xcassets */ = {isa = PBXFileReference; lastKnownFileType = folder.assetcatalog; path = "Preview Assets.xcassets"; sourceTree = "<group>"; };
		BD7A535A2A460CB900410D29 /* navigationStackTests.xctest */ = {isa = PBXFileReference; explicitFileType = wrapper.cfbundle; includeInIndex = 0; path = navigationStackTests.xctest; sourceTree = BUILT_PRODUCTS_DIR; };
		BD7A535E2A460CB900410D29 /* navigationStackTests.swift */ = {isa = PBXFileReference; lastKnownFileType = sourcecode.swift; path = navigationStackTests.swift; sourceTree = "<group>"; };
		BD7A53642A460CB900410D29 /* navigationStackUITests.xctest */ = {isa = PBXFileReference; explicitFileType = wrapper.cfbundle; includeInIndex = 0; path = navigationStackUITests.xctest; sourceTree = BUILT_PRODUCTS_DIR; };
		BD7A53682A460CB900410D29 /* navigationStackUITests.swift */ = {isa = PBXFileReference; lastKnownFileType = sourcecode.swift; path = navigationStackUITests.swift; sourceTree = "<group>"; };
		BD7A536A2A460CB900410D29 /* navigationStackUITestsLaunchTests.swift */ = {isa = PBXFileReference; lastKnownFileType = sourcecode.swift; path = navigationStackUITestsLaunchTests.swift; sourceTree = "<group>"; };
		BD7A53772A4611B600410D29 /* secondView.swift */ = {isa = PBXFileReference; lastKnownFileType = sourcecode.swift; path = secondView.swift; sourceTree = "<group>"; };
		BD7A53AF2A46248100410D29 /* thirdView.swift */ = {isa = PBXFileReference; lastKnownFileType = sourcecode.swift; path = thirdView.swift; sourceTree = "<group>"; };
		BD7A53B12A4627E300410D29 /* fourthView.swift */ = {isa = PBXFileReference; lastKnownFileType = sourcecode.swift; path = fourthView.swift; sourceTree = "<group>"; };
		BD7A53B52A462BED00410D29 /* Ariel.swift */ = {isa = PBXFileReference; lastKnownFileType = sourcecode.swift; path = Ariel.swift; sourceTree = "<group>"; };
		BD7A53B72A462C0B00410D29 /* Tiana.swift */ = {isa = PBXFileReference; lastKnownFileType = sourcecode.swift; path = Tiana.swift; sourceTree = "<group>"; };
		BD7A53B92A462C3B00410D29 /* Cinderalla.swift */ = {isa = PBXFileReference; lastKnownFileType = sourcecode.swift; path = Cinderalla.swift; sourceTree = "<group>"; };
		BD7A53BB2A462C8600410D29 /* Belle.swift */ = {isa = PBXFileReference; lastKnownFileType = sourcecode.swift; path = Belle.swift; sourceTree = "<group>"; };
		BD7A53BD2A462C9700410D29 /* Anna.swift */ = {isa = PBXFileReference; lastKnownFileType = sourcecode.swift; path = Anna.swift; sourceTree = "<group>"; };
/* End PBXFileReference section */

/* Begin PBXFrameworksBuildPhase section */
		BD7A53472A460CB700410D29 /* Frameworks */ = {
			isa = PBXFrameworksBuildPhase;
			buildActionMask = 2147483647;
			files = (
			);
			runOnlyForDeploymentPostprocessing = 0;
		};
		BD7A53572A460CB900410D29 /* Frameworks */ = {
			isa = PBXFrameworksBuildPhase;
			buildActionMask = 2147483647;
			files = (
			);
			runOnlyForDeploymentPostprocessing = 0;
		};
		BD7A53612A460CB900410D29 /* Frameworks */ = {
			isa = PBXFrameworksBuildPhase;
			buildActionMask = 2147483647;
			files = (
			);
			runOnlyForDeploymentPostprocessing = 0;
		};
/* End PBXFrameworksBuildPhase section */

/* Begin PBXGroup section */
		BD7A53412A460CB700410D29 = {
			isa = PBXGroup;
			children = (
				BD7A534C2A460CB700410D29 /* navigationStack */,
				BD7A535D2A460CB900410D29 /* navigationStackTests */,
				BD7A53672A460CB900410D29 /* navigationStackUITests */,
				BD7A534B2A460CB700410D29 /* Products */,
			);
			sourceTree = "<group>";
		};
		BD7A534B2A460CB700410D29 /* Products */ = {
			isa = PBXGroup;
			children = (
				BD7A534A2A460CB700410D29 /* navigationStack.app */,
				BD7A535A2A460CB900410D29 /* navigationStackTests.xctest */,
				BD7A53642A460CB900410D29 /* navigationStackUITests.xctest */,
			);
			name = Products;
			sourceTree = "<group>";
		};
		BD7A534C2A460CB700410D29 /* navigationStack */ = {
			isa = PBXGroup;
			children = (
				BD7A534D2A460CB700410D29 /* navigationStackApp.swift */,
				BD7A534F2A460CB700410D29 /* ContentView.swift */,
				BD7A53772A4611B600410D29 /* secondView.swift */,
				BD7A53AF2A46248100410D29 /* thirdView.swift */,
				BD7A53B12A4627E300410D29 /* fourthView.swift */,
				BD7A53BD2A462C9700410D29 /* Anna.swift */,
				BD7A53BB2A462C8600410D29 /* Belle.swift */,
				BD7A53B72A462C0B00410D29 /* Tiana.swift */,
				BD7A53B52A462BED00410D29 /* Ariel.swift */,
				BD7A53B92A462C3B00410D29 /* Cinderalla.swift */,
				BD7A53512A460CB900410D29 /* Assets.xcassets */,
				BD7A53532A460CB900410D29 /* Preview Content */,
			);
			path = navigationStack;
			sourceTree = "<group>";
		};
		BD7A53532A460CB900410D29 /* Preview Content */ = {
			isa = PBXGroup;
			children = (
				BD7A53542A460CB900410D29 /* Preview Assets.xcassets */,
			);
			path = "Preview Content";
			sourceTree = "<group>";
		};
		BD7A535D2A460CB900410D29 /* navigationStackTests */ = {
			isa = PBXGroup;
			children = (
				BD7A535E2A460CB900410D29 /* navigationStackTests.swift */,
			);
			path = navigationStackTests;
			sourceTree = "<group>";
		};
		BD7A53672A460CB900410D29 /* navigationStackUITests */ = {
			isa = PBXGroup;
			children = (
				BD7A53682A460CB900410D29 /* navigationStackUITests.swift */,
				BD7A536A2A460CB900410D29 /* navigationStackUITestsLaunchTests.swift */,
			);
			path = navigationStackUITests;
			sourceTree = "<group>";
		};
/* End PBXGroup section */

/* Begin PBXNativeTarget section */
		BD7A53492A460CB700410D29 /* navigationStack */ = {
			isa = PBXNativeTarget;
			buildConfigurationList = BD7A536E2A460CB900410D29 /* Build configuration list for PBXNativeTarget "navigationStack" */;
			buildPhases = (
				BD7A53462A460CB700410D29 /* Sources */,
				BD7A53472A460CB700410D29 /* Frameworks */,
				BD7A53482A460CB700410D29 /* Resources */,
			);
			buildRules = (
			);
			dependencies = (
			);
			name = navigationStack;
			productName = navigationStack;
			productReference = BD7A534A2A460CB700410D29 /* navigationStack.app */;
			productType = "com.apple.product-type.application";
		};
		BD7A53592A460CB900410D29 /* navigationStackTests */ = {
			isa = PBXNativeTarget;
			buildConfigurationList = BD7A53712A460CB900410D29 /* Build configuration list for PBXNativeTarget "navigationStackTests" */;
			buildPhases = (
				BD7A53562A460CB900410D29 /* Sources */,
				BD7A53572A460CB900410D29 /* Frameworks */,
				BD7A53582A460CB900410D29 /* Resources */,
			);
			buildRules = (
			);
			dependencies = (
				BD7A535C2A460CB900410D29 /* PBXTargetDependency */,
			);
			name = navigationStackTests;
			productName = navigationStackTests;
			productReference = BD7A535A2A460CB900410D29 /* navigationStackTests.xctest */;
			productType = "com.apple.product-type.bundle.unit-test";
		};
		BD7A53632A460CB900410D29 /* navigationStackUITests */ = {
			isa = PBXNativeTarget;
			buildConfigurationList = BD7A53742A460CB900410D29 /* Build configuration list for PBXNativeTarget "navigationStackUITests" */;
			buildPhases = (
				BD7A53602A460CB900410D29 /* Sources */,
				BD7A53612A460CB900410D29 /* Frameworks */,
				BD7A53622A460CB900410D29 /* Resources */,
			);
			buildRules = (
			);
			dependencies = (
				BD7A53662A460CB900410D29 /* PBXTargetDependency */,
			);
			name = navigationStackUITests;
			productName = navigationStackUITests;
			productReference = BD7A53642A460CB900410D29 /* navigationStackUITests.xctest */;
			productType = "com.apple.product-type.bundle.ui-testing";
		};
/* End PBXNativeTarget section */

/* Begin PBXProject section */
		BD7A53422A460CB700410D29 /* Project object */ = {
			isa = PBXProject;
			attributes = {
				BuildIndependentTargetsInParallel = 1;
				LastSwiftUpdateCheck = 1430;
				LastUpgradeCheck = 1430;
				TargetAttributes = {
					BD7A53492A460CB700410D29 = {
						CreatedOnToolsVersion = 14.3.1;
					};
					BD7A53592A460CB900410D29 = {
						CreatedOnToolsVersion = 14.3.1;
						TestTargetID = BD7A53492A460CB700410D29;
					};
					BD7A53632A460CB900410D29 = {
						CreatedOnToolsVersion = 14.3.1;
						TestTargetID = BD7A53492A460CB700410D29;
					};
				};
			};
			buildConfigurationList = BD7A53452A460CB700410D29 /* Build configuration list for PBXProject "navigationStack" */;
			compatibilityVersion = "Xcode 14.0";
			developmentRegion = en;
			hasScannedForEncodings = 0;
			knownRegions = (
				en,
				Base,
			);
			mainGroup = BD7A53412A460CB700410D29;
			productRefGroup = BD7A534B2A460CB700410D29 /* Products */;
			projectDirPath = "";
			projectRoot = "";
			targets = (
				BD7A53492A460CB700410D29 /* navigationStack */,
				BD7A53592A460CB900410D29 /* navigationStackTests */,
				BD7A53632A460CB900410D29 /* navigationStackUITests */,
			);
		};
/* End PBXProject section */

/* Begin PBXResourcesBuildPhase section */
		BD7A53482A460CB700410D29 /* Resources */ = {
			isa = PBXResourcesBuildPhase;
			buildActionMask = 2147483647;
			files = (
				BD7A53552A460CB900410D29 /* Preview Assets.xcassets in Resources */,
				BD7A53522A460CB900410D29 /* Assets.xcassets in Resources */,
			);
			runOnlyForDeploymentPostprocessing = 0;
		};
		BD7A53582A460CB900410D29 /* Resources */ = {
			isa = PBXResourcesBuildPhase;
			buildActionMask = 2147483647;
			files = (
			);
			runOnlyForDeploymentPostprocessing = 0;
		};
		BD7A53622A460CB900410D29 /* Resources */ = {
			isa = PBXResourcesBuildPhase;
			buildActionMask = 2147483647;
			files = (
			);
			runOnlyForDeploymentPostprocessing = 0;
		};
/* End PBXResourcesBuildPhase section */

/* Begin PBXSourcesBuildPhase section */
		BD7A53462A460CB700410D29 /* Sources */ = {
			isa = PBXSourcesBuildPhase;
			buildActionMask = 2147483647;
			files = (
				BD7A53B02A46248100410D29 /* thirdView.swift in Sources */,
				BD7A53502A460CB700410D29 /* ContentView.swift in Sources */,
				BD7A53B82A462C0B00410D29 /* Tiana.swift in Sources */,
				BD7A53BA2A462C3B00410D29 /* Cinderalla.swift in Sources */,
				BD7A53BC2A462C8600410D29 /* Belle.swift in Sources */,
				BD7A53BE2A462C9700410D29 /* Anna.swift in Sources */,
				BD7A53782A4611B600410D29 /* secondView.swift in Sources */,
				BD7A534E2A460CB700410D29 /* navigationStackApp.swift in Sources */,
				BD7A53B62A462BED00410D29 /* Ariel.swift in Sources */,
				BD7A53B22A4627E300410D29 /* fourthView.swift in Sources */,
			);
			runOnlyForDeploymentPostprocessing = 0;
		};
		BD7A53562A460CB900410D29 /* Sources */ = {
			isa = PBXSourcesBuildPhase;
			buildActionMask = 2147483647;
			files = (
				BD7A535F2A460CB900410D29 /* navigationStackTests.swift in Sources */,
			);
			runOnlyForDeploymentPostprocessing = 0;
		};
		BD7A53602A460CB900410D29 /* Sources */ = {
			isa = PBXSourcesBuildPhase;
			buildActionMask = 2147483647;
			files = (
				BD7A53692A460CB900410D29 /* navigationStackUITests.swift in Sources */,
				BD7A536B2A460CB900410D29 /* navigationStackUITestsLaunchTests.swift in Sources */,
			);
			runOnlyForDeploymentPostprocessing = 0;
		};
/* End PBXSourcesBuildPhase section */

/* Begin PBXTargetDependency section */
		BD7A535C2A460CB900410D29 /* PBXTargetDependency */ = {
			isa = PBXTargetDependency;
			target = BD7A53492A460CB700410D29 /* navigationStack */;
			targetProxy = BD7A535B2A460CB900410D29 /* PBXContainerItemProxy */;
		};
		BD7A53662A460CB900410D29 /* PBXTargetDependency */ = {
			isa = PBXTargetDependency;
			target = BD7A53492A460CB700410D29 /* navigationStack */;
			targetProxy = BD7A53652A460CB900410D29 /* PBXContainerItemProxy */;
		};
/* End PBXTargetDependency section */

/* Begin XCBuildConfiguration section */
		BD7A536C2A460CB900410D29 /* Debug */ = {
			isa = XCBuildConfiguration;
			buildSettings = {
				ALWAYS_SEARCH_USER_PATHS = NO;
				CLANG_ANALYZER_NONNULL = YES;
				CLANG_ANALYZER_NUMBER_OBJECT_CONVERSION = YES_AGGRESSIVE;
				CLANG_CXX_LANGUAGE_STANDARD = "gnu++20";
				CLANG_ENABLE_MODULES = YES;
				CLANG_ENABLE_OBJC_ARC = YES;
				CLANG_ENABLE_OBJC_WEAK = YES;
				CLANG_WARN_BLOCK_CAPTURE_AUTORELEASING = YES;
				CLANG_WARN_BOOL_CONVERSION = YES;
				CLANG_WARN_COMMA = YES;
				CLANG_WARN_CONSTANT_CONVERSION = YES;
				CLANG_WARN_DEPRECATED_OBJC_IMPLEMENTATIONS = YES;
				CLANG_WARN_DIRECT_OBJC_ISA_USAGE = YES_ERROR;
				CLANG_WARN_DOCUMENTATION_COMMENTS = YES;
				CLANG_WARN_EMPTY_BODY = YES;
				CLANG_WARN_ENUM_CONVERSION = YES;
				CLANG_WARN_INFINITE_RECURSION = YES;
				CLANG_WARN_INT_CONVERSION = YES;
				CLANG_WARN_NON_LITERAL_NULL_CONVERSION = YES;
				CLANG_WARN_OBJC_IMPLICIT_RETAIN_SELF = YES;
				CLANG_WARN_OBJC_LITERAL_CONVERSION = YES;
				CLANG_WARN_OBJC_ROOT_CLASS = YES_ERROR;
				CLANG_WARN_QUOTED_INCLUDE_IN_FRAMEWORK_HEADER = YES;
				CLANG_WARN_RANGE_LOOP_ANALYSIS = YES;
				CLANG_WARN_STRICT_PROTOTYPES = YES;
				CLANG_WARN_SUSPICIOUS_MOVE = YES;
				CLANG_WARN_UNGUARDED_AVAILABILITY = YES_AGGRESSIVE;
				CLANG_WARN_UNREACHABLE_CODE = YES;
				CLANG_WARN__DUPLICATE_METHOD_MATCH = YES;
				COPY_PHASE_STRIP = NO;
				DEBUG_INFORMATION_FORMAT = dwarf;
				ENABLE_STRICT_OBJC_MSGSEND = YES;
				ENABLE_TESTABILITY = YES;
				GCC_C_LANGUAGE_STANDARD = gnu11;
				GCC_DYNAMIC_NO_PIC = NO;
				GCC_NO_COMMON_BLOCKS = YES;
				GCC_OPTIMIZATION_LEVEL = 0;
				GCC_PREPROCESSOR_DEFINITIONS = (
					"DEBUG=1",
					"$(inherited)",
				);
				GCC_WARN_64_TO_32_BIT_CONVERSION = YES;
				GCC_WARN_ABOUT_RETURN_TYPE = YES_ERROR;
				GCC_WARN_UNDECLARED_SELECTOR = YES;
				GCC_WARN_UNINITIALIZED_AUTOS = YES_AGGRESSIVE;
				GCC_WARN_UNUSED_FUNCTION = YES;
				GCC_WARN_UNUSED_VARIABLE = YES;
				IPHONEOS_DEPLOYMENT_TARGET = 16.4;
				MTL_ENABLE_DEBUG_INFO = INCLUDE_SOURCE;
				MTL_FAST_MATH = YES;
				ONLY_ACTIVE_ARCH = YES;
				SDKROOT = iphoneos;
				SWIFT_ACTIVE_COMPILATION_CONDITIONS = DEBUG;
				SWIFT_OPTIMIZATION_LEVEL = "-Onone";
			};
			name = Debug;
		};
		BD7A536D2A460CB900410D29 /* Release */ = {
			isa = XCBuildConfiguration;
			buildSettings = {
				ALWAYS_SEARCH_USER_PATHS = NO;
				CLANG_ANALYZER_NONNULL = YES;
				CLANG_ANALYZER_NUMBER_OBJECT_CONVERSION = YES_AGGRESSIVE;
				CLANG_CXX_LANGUAGE_STANDARD = "gnu++20";
				CLANG_ENABLE_MODULES = YES;
				CLANG_ENABLE_OBJC_ARC = YES;
				CLANG_ENABLE_OBJC_WEAK = YES;
				CLANG_WARN_BLOCK_CAPTURE_AUTORELEASING = YES;
				CLANG_WARN_BOOL_CONVERSION = YES;
				CLANG_WARN_COMMA = YES;
				CLANG_WARN_CONSTANT_CONVERSION = YES;
				CLANG_WARN_DEPRECATED_OBJC_IMPLEMENTATIONS = YES;
				CLANG_WARN_DIRECT_OBJC_ISA_USAGE = YES_ERROR;
				CLANG_WARN_DOCUMENTATION_COMMENTS = YES;
				CLANG_WARN_EMPTY_BODY = YES;
				CLANG_WARN_ENUM_CONVERSION = YES;
				CLANG_WARN_INFINITE_RECURSION = YES;
				CLANG_WARN_INT_CONVERSION = YES;
				CLANG_WARN_NON_LITERAL_NULL_CONVERSION = YES;
				CLANG_WARN_OBJC_IMPLICIT_RETAIN_SELF = YES;
				CLANG_WARN_OBJC_LITERAL_CONVERSION = YES;
				CLANG_WARN_OBJC_ROOT_CLASS = YES_ERROR;
				CLANG_WARN_QUOTED_INCLUDE_IN_FRAMEWORK_HEADER = YES;
				CLANG_WARN_RANGE_LOOP_ANALYSIS = YES;
				CLANG_WARN_STRICT_PROTOTYPES = YES;
				CLANG_WARN_SUSPICIOUS_MOVE = YES;
				CLANG_WARN_UNGUARDED_AVAILABILITY = YES_AGGRESSIVE;
				CLANG_WARN_UNREACHABLE_CODE = YES;
				CLANG_WARN__DUPLICATE_METHOD_MATCH = YES;
				COPY_PHASE_STRIP = NO;
				DEBUG_INFORMATION_FORMAT = "dwarf-with-dsym";
				ENABLE_NS_ASSERTIONS = NO;
				ENABLE_STRICT_OBJC_MSGSEND = YES;
				GCC_C_LANGUAGE_STANDARD = gnu11;
				GCC_NO_COMMON_BLOCKS = YES;
				GCC_WARN_64_TO_32_BIT_CONVERSION = YES;
				GCC_WARN_ABOUT_RETURN_TYPE = YES_ERROR;
				GCC_WARN_UNDECLARED_SELECTOR = YES;
				GCC_WARN_UNINITIALIZED_AUTOS = YES_AGGRESSIVE;
				GCC_WARN_UNUSED_FUNCTION = YES;
				GCC_WARN_UNUSED_VARIABLE = YES;
				IPHONEOS_DEPLOYMENT_TARGET = 16.4;
				MTL_ENABLE_DEBUG_INFO = NO;
				MTL_FAST_MATH = YES;
				SDKROOT = iphoneos;
				SWIFT_COMPILATION_MODE = wholemodule;
				SWIFT_OPTIMIZATION_LEVEL = "-O";
				VALIDATE_PRODUCT = YES;
			};
			name = Release;
		};
		BD7A536F2A460CB900410D29 /* Debug */ = {
			isa = XCBuildConfiguration;
			buildSettings = {
				ASSETCATALOG_COMPILER_APPICON_NAME = AppIcon;
				ASSETCATALOG_COMPILER_GLOBAL_ACCENT_COLOR_NAME = AccentColor;
				CODE_SIGN_STYLE = Automatic;
				CURRENT_PROJECT_VERSION = 1;
				DEVELOPMENT_ASSET_PATHS = "\"navigationStack/Preview Content\"";
				ENABLE_PREVIEWS = YES;
				GENERATE_INFOPLIST_FILE = YES;
				INFOPLIST_KEY_UIApplicationSceneManifest_Generation = YES;
				INFOPLIST_KEY_UIApplicationSupportsIndirectInputEvents = YES;
				INFOPLIST_KEY_UILaunchScreen_Generation = YES;
				INFOPLIST_KEY_UISupportedInterfaceOrientations_iPad = "UIInterfaceOrientationPortrait UIInterfaceOrientationPortraitUpsideDown UIInterfaceOrientationLandscapeLeft UIInterfaceOrientationLandscapeRight";
				INFOPLIST_KEY_UISupportedInterfaceOrientations_iPhone = "UIInterfaceOrientationPortrait UIInterfaceOrientationLandscapeLeft UIInterfaceOrientationLandscapeRight";
				LD_RUNPATH_SEARCH_PATHS = (
					"$(inherited)",
					"@executable_path/Frameworks",
				);
				MARKETING_VERSION = 1.0;
				PRODUCT_BUNDLE_IDENTIFIER = kwk.navigationStack;
				PRODUCT_NAME = "$(TARGET_NAME)";
				SWIFT_EMIT_LOC_STRINGS = YES;
				SWIFT_VERSION = 5.0;
				TARGETED_DEVICE_FAMILY = "1,2";
			};
			name = Debug;
		};
		BD7A53702A460CB900410D29 /* Release */ = {
			isa = XCBuildConfiguration;
			buildSettings = {
				ASSETCATALOG_COMPILER_APPICON_NAME = AppIcon;
				ASSETCATALOG_COMPILER_GLOBAL_ACCENT_COLOR_NAME = AccentColor;
				CODE_SIGN_STYLE = Automatic;
				CURRENT_PROJECT_VERSION = 1;
				DEVELOPMENT_ASSET_PATHS = "\"navigationStack/Preview Content\"";
				ENABLE_PREVIEWS = YES;
				GENERATE_INFOPLIST_FILE = YES;
				INFOPLIST_KEY_UIApplicationSceneManifest_Generation = YES;
				INFOPLIST_KEY_UIApplicationSupportsIndirectInputEvents = YES;
				INFOPLIST_KEY_UILaunchScreen_Generation = YES;
				INFOPLIST_KEY_UISupportedInterfaceOrientations_iPad = "UIInterfaceOrientationPortrait UIInterfaceOrientationPortraitUpsideDown UIInterfaceOrientationLandscapeLeft UIInterfaceOrientationLandscapeRight";
				INFOPLIST_KEY_UISupportedInterfaceOrientations_iPhone = "UIInterfaceOrientationPortrait UIInterfaceOrientationLandscapeLeft UIInterfaceOrientationLandscapeRight";
				LD_RUNPATH_SEARCH_PATHS = (
					"$(inherited)",
					"@executable_path/Frameworks",
				);
				MARKETING_VERSION = 1.0;
				PRODUCT_BUNDLE_IDENTIFIER = kwk.navigationStack;
				PRODUCT_NAME = "$(TARGET_NAME)";
				SWIFT_EMIT_LOC_STRINGS = YES;
				SWIFT_VERSION = 5.0;
				TARGETED_DEVICE_FAMILY = "1,2";
			};
			name = Release;
		};
		BD7A53722A460CB900410D29 /* Debug */ = {
			isa = XCBuildConfiguration;
			buildSettings = {
				ALWAYS_EMBED_SWIFT_STANDARD_LIBRARIES = YES;
				BUNDLE_LOADER = "$(TEST_HOST)";
				CODE_SIGN_STYLE = Automatic;
				CURRENT_PROJECT_VERSION = 1;
				GENERATE_INFOPLIST_FILE = YES;
				IPHONEOS_DEPLOYMENT_TARGET = 16.4;
				MARKETING_VERSION = 1.0;
				PRODUCT_BUNDLE_IDENTIFIER = kwk.navigationStackTests;
				PRODUCT_NAME = "$(TARGET_NAME)";
				SWIFT_EMIT_LOC_STRINGS = NO;
				SWIFT_VERSION = 5.0;
				TARGETED_DEVICE_FAMILY = "1,2";
				TEST_HOST = "$(BUILT_PRODUCTS_DIR)/navigationStack.app/$(BUNDLE_EXECUTABLE_FOLDER_PATH)/navigationStack";
			};
			name = Debug;
		};
		BD7A53732A460CB900410D29 /* Release */ = {
			isa = XCBuildConfiguration;
			buildSettings = {
				ALWAYS_EMBED_SWIFT_STANDARD_LIBRARIES = YES;
				BUNDLE_LOADER = "$(TEST_HOST)";
				CODE_SIGN_STYLE = Automatic;
				CURRENT_PROJECT_VERSION = 1;
				GENERATE_INFOPLIST_FILE = YES;
				IPHONEOS_DEPLOYMENT_TARGET = 16.4;
				MARKETING_VERSION = 1.0;
				PRODUCT_BUNDLE_IDENTIFIER = kwk.navigationStackTests;
				PRODUCT_NAME = "$(TARGET_NAME)";
				SWIFT_EMIT_LOC_STRINGS = NO;
				SWIFT_VERSION = 5.0;
				TARGETED_DEVICE_FAMILY = "1,2";
				TEST_HOST = "$(BUILT_PRODUCTS_DIR)/navigationStack.app/$(BUNDLE_EXECUTABLE_FOLDER_PATH)/navigationStack";
			};
			name = Release;
		};
		BD7A53752A460CB900410D29 /* Debug */ = {
			isa = XCBuildConfiguration;
			buildSettings = {
				ALWAYS_EMBED_SWIFT_STANDARD_LIBRARIES = YES;
				CODE_SIGN_STYLE = Automatic;
				CURRENT_PROJECT_VERSION = 1;
				GENERATE_INFOPLIST_FILE = YES;
				MARKETING_VERSION = 1.0;
				PRODUCT_BUNDLE_IDENTIFIER = kwk.navigationStackUITests;
				PRODUCT_NAME = "$(TARGET_NAME)";
				SWIFT_EMIT_LOC_STRINGS = NO;
				SWIFT_VERSION = 5.0;
				TARGETED_DEVICE_FAMILY = "1,2";
				TEST_TARGET_NAME = navigationStack;
			};
			name = Debug;
		};
		BD7A53762A460CB900410D29 /* Release */ = {
			isa = XCBuildConfiguration;
			buildSettings = {
				ALWAYS_EMBED_SWIFT_STANDARD_LIBRARIES = YES;
				CODE_SIGN_STYLE = Automatic;
				CURRENT_PROJECT_VERSION = 1;
				GENERATE_INFOPLIST_FILE = YES;
				MARKETING_VERSION = 1.0;
				PRODUCT_BUNDLE_IDENTIFIER = kwk.navigationStackUITests;
				PRODUCT_NAME = "$(TARGET_NAME)";
				SWIFT_EMIT_LOC_STRINGS = NO;
				SWIFT_VERSION = 5.0;
				TARGETED_DEVICE_FAMILY = "1,2";
				TEST_TARGET_NAME = navigationStack;
			};
			name = Release;
		};
/* End XCBuildConfiguration section */

/* Begin XCConfigurationList section */
		BD7A53452A460CB700410D29 /* Build configuration list for PBXProject "navigationStack" */ = {
			isa = XCConfigurationList;
			buildConfigurations = (
				BD7A536C2A460CB900410D29 /* Debug */,
				BD7A536D2A460CB900410D29 /* Release */,
			);
			defaultConfigurationIsVisible = 0;
			defaultConfigurationName = Release;
		};
		BD7A536E2A460CB900410D29 /* Build configuration list for PBXNativeTarget "navigationStack" */ = {
			isa = XCConfigurationList;
			buildConfigurations = (
				BD7A536F2A460CB900410D29 /* Debug */,
				BD7A53702A460CB900410D29 /* Release */,
			);
			defaultConfigurationIsVisible = 0;
			defaultConfigurationName = Release;
		};
		BD7A53712A460CB900410D29 /* Build configuration list for PBXNativeTarget "navigationStackTests" */ = {
			isa = XCConfigurationList;
			buildConfigurations = (
				BD7A53722A460CB900410D29 /* Debug */,
				BD7A53732A460CB900410D29 /* Release */,
			);
			defaultConfigurationIsVisible = 0;
			defaultConfigurationName = Release;
		};
		BD7A53742A460CB900410D29 /* Build configuration list for PBXNativeTarget "navigationStackUITests" */ = {
			isa = XCConfigurationList;
			buildConfigurations = (
				BD7A53752A460CB900410D29 /* Debug */,
				BD7A53762A460CB900410D29 /* Release */,
			);
			defaultConfigurationIsVisible = 0;
			defaultConfigurationName = Release;
		};
/* End XCConfigurationList section */
	};
	rootObject = BD7A53422A460CB700410D29 /* Project object */;
}
